
Microsoft Visual Studio Solution File, Format Version 12.00
# Visual Studio Version 17
VisualStudioVersion = 17.5.33424.131
MinimumVisualStudioVersion = 10.0.40219.1
Project("{2150E333-8FDC-42A3-9474-1A3956D46DE8}") = "Solution Items", "Solution Items", "{E3FB8513-431B-47C2-B814-13859837BBF6}"
	ProjectSection(SolutionItems) = preProject
		..\README.md = ..\README.md
	EndProjectSection
EndProject
Project("{FAE04EC0-301F-11D3-BF4B-00C04F79EFBC}") = "Ira.Api", "Ira.Api\Ira.Api.csproj", "{ABE1EF4A-C1C9-44C6-B767-50820F0F8CEE}"
EndProject
Global
	GlobalSection(SolutionConfigurationPlatforms) = preSolution
		Debug|Any CPU = Debug|Any CPU
		Release|Any CPU = Release|Any CPU
	EndGlobalSection
	GlobalSection(ProjectConfigurationPlatforms) = postSolution
		{ABE1EF4A-C1C9-44C6-B767-50820F0F8CEE}.Debug|Any CPU.ActiveCfg = Debug|Any CPU
		{ABE1EF4A-C1C9-44C6-B767-50820F0F8CEE}.Debug|Any CPU.Build.0 = Debug|Any CPU
		{ABE1EF4A-C1C9-44C6-B767-50820F0F8CEE}.Release|Any CPU.ActiveCfg = Release|Any CPU
		{ABE1EF4A-C1C9-44C6-B767-50820F0F8CEE}.Release|Any CPU.Build.0 = Release|Any CPU
	EndGlobalSection
	GlobalSection(SolutionProperties) = preSolution
		HideSolutionNode = FALSE
	EndGlobalSection
	GlobalSection(ExtensibilityGlobals) = postSolution
		SolutionGuid = {2B98E859-C350-438B-9FEB-919A497642C9}
	EndGlobalSection
EndGlobal
